
Microsoft Visual Studio Solution File, Format Version 12.00
# Visual Studio Version 16
VisualStudioVersion = 16.0.30907.101
MinimumVisualStudioVersion = 10.0.40219.1
Project("{9A19103F-16F7-4668-BE54-9A1E7A4F7556}") = "MyBOT", "MyBOT\MyBOT.csproj", "{0F9F7D5D-1002-4C73-A450-8F91E15F62D0}"
EndProject
Project("{2150E333-8FDC-42A3-9474-1A3956D46DE8}") = "BotClients", "BotClients", "{78A99FD7-5938-4CCF-925E-900C3D4B8253}"
EndProject
Project("{9A19103F-16F7-4668-BE54-9A1E7A4F7556}") = "TelebotClient", "Infrastructure\BotClients\TelegramBotClient\TelebotClient.csproj", "{AB937738-73AB-40BE-80E1-7C107F81A26B}"
EndProject
Project("{9A19103F-16F7-4668-BE54-9A1E7A4F7556}") = "ViberbotClient", "Infrastructure\BotClients\ViberbotClient\ViberbotClient.csproj", "{5A27DCC5-6023-4E99-AF28-4772D1ADB290}"
EndProject
Project("{2150E333-8FDC-42A3-9474-1A3956D46DE8}") = "Infrastructure", "Infrastructure", "{55E9FEBC-6569-4E01-ABF5-D635B14C8078}"
EndProject
Project("{2150E333-8FDC-42A3-9474-1A3956D46DE8}") = "BLL", "BLL", "{0C5E0D90-B252-4262-96A2-3662C452B2D4}"
EndProject
Project("{2150E333-8FDC-42A3-9474-1A3956D46DE8}") = "TLG", "TLG", "{7684D31C-B15B-40AE-8580-26F751D81D7B}"
EndProject
Project("{2150E333-8FDC-42A3-9474-1A3956D46DE8}") = "VBR", "VBR", "{42989E8E-E65E-4DC0-B7C7-2AC8153459FD}"
EndProject
Project("{2150E333-8FDC-42A3-9474-1A3956D46DE8}") = "DB", "DB", "{B479B8D2-0FA7-4C22-B1B3-2149E9BED128}"
EndProject
Project("{FAE04EC0-301F-11D3-BF4B-00C04F79EFBC}") = "tlgBLL", "BLL\TLG\tlgBLL\tlgBLL.csproj", "{BF4AF904-5D06-4CA4-BFB5-6ECB85847F52}"
EndProject
Project("{FAE04EC0-301F-11D3-BF4B-00C04F79EFBC}") = "Context", "Infrastructure\DB\Context\Context.csproj", "{F3C79B1D-43F8-48D0-B6F5-2D609CC3F239}"
EndProject
Project("{2150E333-8FDC-42A3-9474-1A3956D46DE8}") = "DB", "DB", "{96F61E2B-E0DA-4D33-871F-8764737639F8}"
EndProject
Project("{FAE04EC0-301F-11D3-BF4B-00C04F79EFBC}") = "Domain", "Infrastructure\DB\Domain\Domain.csproj", "{50BC1667-5E65-437B-A725-E334F61E29E7}"
EndProject
Project("{FAE04EC0-301F-11D3-BF4B-00C04F79EFBC}") = "Entities", "Infrastructure\DB\Entities\Entities.csproj", "{369DF3EA-5F3B-48B5-B23B-FBA94A00E86E}"
EndProject
Project("{FAE04EC0-301F-11D3-BF4B-00C04F79EFBC}") = "Repositories", "Infrastructure\DB\Repositories\Repositories.csproj", "{3D7CD6D9-AA2A-499F-875D-E7A39798A354}"
EndProject
Global
	GlobalSection(SolutionConfigurationPlatforms) = preSolution
		Debug|Any CPU = Debug|Any CPU
		Release|Any CPU = Release|Any CPU
	EndGlobalSection
	GlobalSection(ProjectConfigurationPlatforms) = postSolution
		{0F9F7D5D-1002-4C73-A450-8F91E15F62D0}.Debug|Any CPU.ActiveCfg = Debug|Any CPU
		{0F9F7D5D-1002-4C73-A450-8F91E15F62D0}.Debug|Any CPU.Build.0 = Debug|Any CPU
		{0F9F7D5D-1002-4C73-A450-8F91E15F62D0}.Release|Any CPU.ActiveCfg = Release|Any CPU
		{0F9F7D5D-1002-4C73-A450-8F91E15F62D0}.Release|Any CPU.Build.0 = Release|Any CPU
		{AB937738-73AB-40BE-80E1-7C107F81A26B}.Debug|Any CPU.ActiveCfg = Debug|Any CPU
		{AB937738-73AB-40BE-80E1-7C107F81A26B}.Debug|Any CPU.Build.0 = Debug|Any CPU
		{AB937738-73AB-40BE-80E1-7C107F81A26B}.Release|Any CPU.ActiveCfg = Release|Any CPU
		{AB937738-73AB-40BE-80E1-7C107F81A26B}.Release|Any CPU.Build.0 = Release|Any CPU
		{5A27DCC5-6023-4E99-AF28-4772D1ADB290}.Debug|Any CPU.ActiveCfg = Debug|Any CPU
		{5A27DCC5-6023-4E99-AF28-4772D1ADB290}.Debug|Any CPU.Build.0 = Debug|Any CPU
		{5A27DCC5-6023-4E99-AF28-4772D1ADB290}.Release|Any CPU.ActiveCfg = Release|Any CPU
		{5A27DCC5-6023-4E99-AF28-4772D1ADB290}.Release|Any CPU.Build.0 = Release|Any CPU
		{BF4AF904-5D06-4CA4-BFB5-6ECB85847F52}.Debug|Any CPU.ActiveCfg = Debug|Any CPU
		{BF4AF904-5D06-4CA4-BFB5-6ECB85847F52}.Debug|Any CPU.Build.0 = Debug|Any CPU
		{BF4AF904-5D06-4CA4-BFB5-6ECB85847F52}.Release|Any CPU.ActiveCfg = Release|Any CPU
		{BF4AF904-5D06-4CA4-BFB5-6ECB85847F52}.Release|Any CPU.Build.0 = Release|Any CPU
		{F3C79B1D-43F8-48D0-B6F5-2D609CC3F239}.Debug|Any CPU.ActiveCfg = Debug|Any CPU
		{F3C79B1D-43F8-48D0-B6F5-2D609CC3F239}.Debug|Any CPU.Build.0 = Debug|Any CPU
		{F3C79B1D-43F8-48D0-B6F5-2D609CC3F239}.Release|Any CPU.ActiveCfg = Release|Any CPU
		{F3C79B1D-43F8-48D0-B6F5-2D609CC3F239}.Release|Any CPU.Build.0 = Release|Any CPU
		{50BC1667-5E65-437B-A725-E334F61E29E7}.Debug|Any CPU.ActiveCfg = Debug|Any CPU
		{50BC1667-5E65-437B-A725-E334F61E29E7}.Debug|Any CPU.Build.0 = Debug|Any CPU
		{50BC1667-5E65-437B-A725-E334F61E29E7}.Release|Any CPU.ActiveCfg = Release|Any CPU
		{50BC1667-5E65-437B-A725-E334F61E29E7}.Release|Any CPU.Build.0 = Release|Any CPU
		{369DF3EA-5F3B-48B5-B23B-FBA94A00E86E}.Debug|Any CPU.ActiveCfg = Debug|Any CPU
		{369DF3EA-5F3B-48B5-B23B-FBA94A00E86E}.Debug|Any CPU.Build.0 = Debug|Any CPU
		{369DF3EA-5F3B-48B5-B23B-FBA94A00E86E}.Release|Any CPU.ActiveCfg = Release|Any CPU
		{369DF3EA-5F3B-48B5-B23B-FBA94A00E86E}.Release|Any CPU.Build.0 = Release|Any CPU
		{3D7CD6D9-AA2A-499F-875D-E7A39798A354}.Debug|Any CPU.ActiveCfg = Debug|Any CPU
		{3D7CD6D9-AA2A-499F-875D-E7A39798A354}.Debug|Any CPU.Build.0 = Debug|Any CPU
		{3D7CD6D9-AA2A-499F-875D-E7A39798A354}.Release|Any CPU.ActiveCfg = Release|Any CPU
		{3D7CD6D9-AA2A-499F-875D-E7A39798A354}.Release|Any CPU.Build.0 = Release|Any CPU
	EndGlobalSection
	GlobalSection(SolutionProperties) = preSolution
		HideSolutionNode = FALSE
	EndGlobalSection
	GlobalSection(NestedProjects) = preSolution
		{78A99FD7-5938-4CCF-925E-900C3D4B8253} = {55E9FEBC-6569-4E01-ABF5-D635B14C8078}
		{AB937738-73AB-40BE-80E1-7C107F81A26B} = {78A99FD7-5938-4CCF-925E-900C3D4B8253}
		{5A27DCC5-6023-4E99-AF28-4772D1ADB290} = {78A99FD7-5938-4CCF-925E-900C3D4B8253}
		{7684D31C-B15B-40AE-8580-26F751D81D7B} = {0C5E0D90-B252-4262-96A2-3662C452B2D4}
		{42989E8E-E65E-4DC0-B7C7-2AC8153459FD} = {0C5E0D90-B252-4262-96A2-3662C452B2D4}
		{B479B8D2-0FA7-4C22-B1B3-2149E9BED128} = {0C5E0D90-B252-4262-96A2-3662C452B2D4}
		{BF4AF904-5D06-4CA4-BFB5-6ECB85847F52} = {7684D31C-B15B-40AE-8580-26F751D81D7B}
		{F3C79B1D-43F8-48D0-B6F5-2D609CC3F239} = {96F61E2B-E0DA-4D33-871F-8764737639F8}
		{96F61E2B-E0DA-4D33-871F-8764737639F8} = {55E9FEBC-6569-4E01-ABF5-D635B14C8078}
		{50BC1667-5E65-437B-A725-E334F61E29E7} = {96F61E2B-E0DA-4D33-871F-8764737639F8}
		{369DF3EA-5F3B-48B5-B23B-FBA94A00E86E} = {96F61E2B-E0DA-4D33-871F-8764737639F8}
		{3D7CD6D9-AA2A-499F-875D-E7A39798A354} = {96F61E2B-E0DA-4D33-871F-8764737639F8}
	EndGlobalSection
	GlobalSection(ExtensibilityGlobals) = postSolution
		SolutionGuid = {696C9236-3591-4371-A8D8-9A8325A17E72}
	EndGlobalSection
EndGlobal
